
Microsoft Visual Studio Solution File, Format Version 12.00
# Visual Studio Version 16
VisualStudioVersion = 16.0.31313.79
MinimumVisualStudioVersion = 10.0.40219.1
Project("{FAE04EC0-301F-11D3-BF4B-00C04F79EFBC}") = "StackArray", "StackArray\StackArray.csproj", "{C79BF748-35D2-4903-93B9-14ECB66ABE89}"
EndProject
Global
	GlobalSection(SolutionConfigurationPlatforms) = preSolution
		Debug|Any CPU = Debug|Any CPU
		Release|Any CPU = Release|Any CPU
	EndGlobalSection
	GlobalSection(ProjectConfigurationPlatforms) = postSolution
		{C79BF748-35D2-4903-93B9-14ECB66ABE89}.Debug|Any CPU.ActiveCfg = Debug|Any CPU
		{C79BF748-35D2-4903-93B9-14ECB66ABE89}.Debug|Any CPU.Build.0 = Debug|Any CPU
		{C79BF748-35D2-4903-93B9-14ECB66ABE89}.Release|Any CPU.ActiveCfg = Release|Any CPU
		{C79BF748-35D2-4903-93B9-14ECB66ABE89}.Release|Any CPU.Build.0 = Release|Any CPU
	EndGlobalSection
	GlobalSection(SolutionProperties) = preSolution
		HideSolutionNode = FALSE
	EndGlobalSection
	GlobalSection(ExtensibilityGlobals) = postSolution
		SolutionGuid = {9E0DC680-E7B2-41B3-A85E-F6E8477F40A0}
	EndGlobalSection
EndGlobal
